
Microsoft Visual Studio Solution File, Format Version 12.00
# Visual Studio Version 17
VisualStudioVersion = 17.3.32804.467
MinimumVisualStudioVersion = 10.0.40219.1
Project("{2150E333-8FDC-42A3-9474-1A3956D46DE8}") = "src", "src", "{DB5835EE-3A83-401E-8203-ECCF7F3B1DCC}"
EndProject
Project("{9A19103F-16F7-4668-BE54-9A1E7A4F7556}") = "RRMS.Domain", "src\RRMS.Domain\RRMS.Domain.csproj", "{EEE3A58F-C453-4265-B6B1-D4EE56CB5BD6}"
EndProject
Project("{9A19103F-16F7-4668-BE54-9A1E7A4F7556}") = "RRMS.Application", "src\RRMS.Application\RRMS.Application.csproj", "{1C2DF747-1CF6-4B80-9309-AF234696D726}"
EndProject
Project("{9A19103F-16F7-4668-BE54-9A1E7A4F7556}") = "RRMS.API", "src\RRMS.API\RRMS.API.csproj", "{93F72813-30F0-4BEA-BC98-34B467781792}"
EndProject
Project("{9A19103F-16F7-4668-BE54-9A1E7A4F7556}") = "RRMS.Infrastructure", "src\RRMS.Infrastructure\RRMS.Infrastructure.csproj", "{6237D882-011D-4AF9-A2A3-43DB19CC5B59}"
EndProject
Project("{2150E333-8FDC-42A3-9474-1A3956D46DE8}") = "Solution Items", "Solution Items", "{4F40E73C-8EDD-42A6-AA21-6F2C2E318051}"
	ProjectSection(SolutionItems) = preProject
		.editorconfig = .editorconfig
	EndProjectSection
EndProject
Project("{E53339B2-1760-4266-BCC7-CA923CBCF16C}") = "docker-compose", "docker-compose.dcproj", "{80D5C998-B485-451F-8D6C-3EF1DAAE155D}"
EndProject
Project("{2150E333-8FDC-42A3-9474-1A3956D46DE8}") = "Microservices", "Microservices", "{5379002C-7DC6-4CE9-A0C3-9E16AA483C21}"
EndProject
Project("{9A19103F-16F7-4668-BE54-9A1E7A4F7556}") = "DataSeeder", "src\Microservices\DataSeeder\DataSeeder.csproj", "{78E3FCB4-FB33-4918-B2C6-664B6AC95460}"
EndProject
Project("{9A19103F-16F7-4668-BE54-9A1E7A4F7556}") = "RRMS.Microservices.SharedKernel", "src\Microservices\RRMS\RRMS.Microservices.SharedKernel\RRMS.Microservices.SharedKernel.csproj", "{34CE57EA-CC06-4A10-A726-6C41045423F4}"
EndProject
Project("{2150E333-8FDC-42A3-9474-1A3956D46DE8}") = "RRMS.Storage", "RRMS.Storage", "{BA71FCB7-6322-4170-B3A3-F12FF367EA21}"
EndProject
Project("{9A19103F-16F7-4668-BE54-9A1E7A4F7556}") = "RRMS.Storage.API", "src\Microservices\RRMS.Storage\RRMS.Storage.API\RRMS.Storage.API.csproj", "{94677B88-6633-4006-B3F6-D85B5D90108D}"
EndProject
Project("{9A19103F-16F7-4668-BE54-9A1E7A4F7556}") = "RRMS.Storage.Application", "src\Microservices\RRMS.Storage\RRMS.Storage.Application\RRMS.Storage.Application.csproj", "{21B2D37D-EDA8-49F3-8CB1-57FCB55CE2B1}"
EndProject
Project("{9A19103F-16F7-4668-BE54-9A1E7A4F7556}") = "RRMS.Storage.Domain", "src\Microservices\RRMS.Storage\RRMS.Storage.Domain\RRMS.Storage.Domain.csproj", "{C907ED1D-1F16-4E1C-8221-11DE11EA8F3C}"
EndProject
Project("{9A19103F-16F7-4668-BE54-9A1E7A4F7556}") = "RRMS.Storage.Infrastructure", "src\Microservices\RRMS.Storage\RRMS.Storage.Infrastructure\RRMS.Storage.Infrastructure.csproj", "{C1C27386-059B-4716-A9F1-79F2733A07C1}"
EndProject
Project("{2150E333-8FDC-42A3-9474-1A3956D46DE8}") = "RRMS", "RRMS", "{31C3657E-1090-4F57-80D1-CF0F877AF54E}"
EndProject
Project("{9A19103F-16F7-4668-BE54-9A1E7A4F7556}") = "RRMS.Microservices.API", "src\Microservices\RRMS\RRMS.Microservices.API\RRMS.Microservices.API.csproj", "{642AFB02-E01A-4CA3-BC10-057DA1692BC7}"
EndProject
Project("{9A19103F-16F7-4668-BE54-9A1E7A4F7556}") = "RRMS.Microservices.Application", "src\Microservices\RRMS\RRMS.Microservices.Application\RRMS.Microservices.Application.csproj", "{F02C9157-E5B0-4BDD-80E8-ED86BBBD9FB4}"
EndProject
Project("{9A19103F-16F7-4668-BE54-9A1E7A4F7556}") = "RRMS.Microservices.Domain", "src\Microservices\RRMS\RRMS.Microservices.Domain\RRMS.Microservices.Domain.csproj", "{8BF68D0C-2C5B-4B19-9EBC-514B4460ECAC}"
EndProject
Project("{9A19103F-16F7-4668-BE54-9A1E7A4F7556}") = "RRMS.Microservices.Infrastructure", "src\Microservices\RRMS\RRMS.Microservices.Infrastructure\RRMS.Microservices.Infrastructure.csproj", "{3E993226-A97B-4A4A-84E8-FD142544BBE5}"
EndProject
Project("{9A19103F-16F7-4668-BE54-9A1E7A4F7556}") = "RRMS.Microservices.Transport", "src\Microservices\RRMS\RRMS.Microservices.Transport\RRMS.Microservices.Transport.csproj", "{1243C65C-130D-44D0-987B-C12619D1AB70}"
EndProject
Global
	GlobalSection(SolutionConfigurationPlatforms) = preSolution
		Debug|Any CPU = Debug|Any CPU
		Release|Any CPU = Release|Any CPU
	EndGlobalSection
	GlobalSection(ProjectConfigurationPlatforms) = postSolution
		{EEE3A58F-C453-4265-B6B1-D4EE56CB5BD6}.Debug|Any CPU.ActiveCfg = Debug|Any CPU
		{EEE3A58F-C453-4265-B6B1-D4EE56CB5BD6}.Debug|Any CPU.Build.0 = Debug|Any CPU
		{EEE3A58F-C453-4265-B6B1-D4EE56CB5BD6}.Release|Any CPU.ActiveCfg = Release|Any CPU
		{EEE3A58F-C453-4265-B6B1-D4EE56CB5BD6}.Release|Any CPU.Build.0 = Release|Any CPU
		{1C2DF747-1CF6-4B80-9309-AF234696D726}.Debug|Any CPU.ActiveCfg = Debug|Any CPU
		{1C2DF747-1CF6-4B80-9309-AF234696D726}.Debug|Any CPU.Build.0 = Debug|Any CPU
		{1C2DF747-1CF6-4B80-9309-AF234696D726}.Release|Any CPU.ActiveCfg = Release|Any CPU
		{1C2DF747-1CF6-4B80-9309-AF234696D726}.Release|Any CPU.Build.0 = Release|Any CPU
		{93F72813-30F0-4BEA-BC98-34B467781792}.Debug|Any CPU.ActiveCfg = Debug|Any CPU
		{93F72813-30F0-4BEA-BC98-34B467781792}.Debug|Any CPU.Build.0 = Debug|Any CPU
		{93F72813-30F0-4BEA-BC98-34B467781792}.Release|Any CPU.ActiveCfg = Release|Any CPU
		{93F72813-30F0-4BEA-BC98-34B467781792}.Release|Any CPU.Build.0 = Release|Any CPU
		{6237D882-011D-4AF9-A2A3-43DB19CC5B59}.Debug|Any CPU.ActiveCfg = Debug|Any CPU
		{6237D882-011D-4AF9-A2A3-43DB19CC5B59}.Debug|Any CPU.Build.0 = Debug|Any CPU
		{6237D882-011D-4AF9-A2A3-43DB19CC5B59}.Release|Any CPU.ActiveCfg = Release|Any CPU
		{6237D882-011D-4AF9-A2A3-43DB19CC5B59}.Release|Any CPU.Build.0 = Release|Any CPU
		{80D5C998-B485-451F-8D6C-3EF1DAAE155D}.Debug|Any CPU.ActiveCfg = Debug|Any CPU
		{80D5C998-B485-451F-8D6C-3EF1DAAE155D}.Debug|Any CPU.Build.0 = Debug|Any CPU
		{80D5C998-B485-451F-8D6C-3EF1DAAE155D}.Release|Any CPU.ActiveCfg = Release|Any CPU
		{80D5C998-B485-451F-8D6C-3EF1DAAE155D}.Release|Any CPU.Build.0 = Release|Any CPU
		{78E3FCB4-FB33-4918-B2C6-664B6AC95460}.Debug|Any CPU.ActiveCfg = Debug|Any CPU
		{78E3FCB4-FB33-4918-B2C6-664B6AC95460}.Debug|Any CPU.Build.0 = Debug|Any CPU
		{78E3FCB4-FB33-4918-B2C6-664B6AC95460}.Release|Any CPU.ActiveCfg = Release|Any CPU
		{78E3FCB4-FB33-4918-B2C6-664B6AC95460}.Release|Any CPU.Build.0 = Release|Any CPU
		{34CE57EA-CC06-4A10-A726-6C41045423F4}.Debug|Any CPU.ActiveCfg = Debug|Any CPU
		{34CE57EA-CC06-4A10-A726-6C41045423F4}.Debug|Any CPU.Build.0 = Debug|Any CPU
		{34CE57EA-CC06-4A10-A726-6C41045423F4}.Release|Any CPU.ActiveCfg = Release|Any CPU
		{34CE57EA-CC06-4A10-A726-6C41045423F4}.Release|Any CPU.Build.0 = Release|Any CPU
		{94677B88-6633-4006-B3F6-D85B5D90108D}.Debug|Any CPU.ActiveCfg = Debug|Any CPU
		{94677B88-6633-4006-B3F6-D85B5D90108D}.Debug|Any CPU.Build.0 = Debug|Any CPU
		{94677B88-6633-4006-B3F6-D85B5D90108D}.Release|Any CPU.ActiveCfg = Release|Any CPU
		{94677B88-6633-4006-B3F6-D85B5D90108D}.Release|Any CPU.Build.0 = Release|Any CPU
		{21B2D37D-EDA8-49F3-8CB1-57FCB55CE2B1}.Debug|Any CPU.ActiveCfg = Debug|Any CPU
		{21B2D37D-EDA8-49F3-8CB1-57FCB55CE2B1}.Debug|Any CPU.Build.0 = Debug|Any CPU
		{21B2D37D-EDA8-49F3-8CB1-57FCB55CE2B1}.Release|Any CPU.ActiveCfg = Release|Any CPU
		{21B2D37D-EDA8-49F3-8CB1-57FCB55CE2B1}.Release|Any CPU.Build.0 = Release|Any CPU
		{C907ED1D-1F16-4E1C-8221-11DE11EA8F3C}.Debug|Any CPU.ActiveCfg = Debug|Any CPU
		{C907ED1D-1F16-4E1C-8221-11DE11EA8F3C}.Debug|Any CPU.Build.0 = Debug|Any CPU
		{C907ED1D-1F16-4E1C-8221-11DE11EA8F3C}.Release|Any CPU.ActiveCfg = Release|Any CPU
		{C907ED1D-1F16-4E1C-8221-11DE11EA8F3C}.Release|Any CPU.Build.0 = Release|Any CPU
		{C1C27386-059B-4716-A9F1-79F2733A07C1}.Debug|Any CPU.ActiveCfg = Debug|Any CPU
		{C1C27386-059B-4716-A9F1-79F2733A07C1}.Debug|Any CPU.Build.0 = Debug|Any CPU
		{C1C27386-059B-4716-A9F1-79F2733A07C1}.Release|Any CPU.ActiveCfg = Release|Any CPU
		{C1C27386-059B-4716-A9F1-79F2733A07C1}.Release|Any CPU.Build.0 = Release|Any CPU
		{642AFB02-E01A-4CA3-BC10-057DA1692BC7}.Debug|Any CPU.ActiveCfg = Debug|Any CPU
		{642AFB02-E01A-4CA3-BC10-057DA1692BC7}.Debug|Any CPU.Build.0 = Debug|Any CPU
		{642AFB02-E01A-4CA3-BC10-057DA1692BC7}.Release|Any CPU.ActiveCfg = Release|Any CPU
		{642AFB02-E01A-4CA3-BC10-057DA1692BC7}.Release|Any CPU.Build.0 = Release|Any CPU
		{F02C9157-E5B0-4BDD-80E8-ED86BBBD9FB4}.Debug|Any CPU.ActiveCfg = Debug|Any CPU
		{F02C9157-E5B0-4BDD-80E8-ED86BBBD9FB4}.Debug|Any CPU.Build.0 = Debug|Any CPU
		{F02C9157-E5B0-4BDD-80E8-ED86BBBD9FB4}.Release|Any CPU.ActiveCfg = Release|Any CPU
		{F02C9157-E5B0-4BDD-80E8-ED86BBBD9FB4}.Release|Any CPU.Build.0 = Release|Any CPU
		{8BF68D0C-2C5B-4B19-9EBC-514B4460ECAC}.Debug|Any CPU.ActiveCfg = Debug|Any CPU
		{8BF68D0C-2C5B-4B19-9EBC-514B4460ECAC}.Debug|Any CPU.Build.0 = Debug|Any CPU
		{8BF68D0C-2C5B-4B19-9EBC-514B4460ECAC}.Release|Any CPU.ActiveCfg = Release|Any CPU
		{8BF68D0C-2C5B-4B19-9EBC-514B4460ECAC}.Release|Any CPU.Build.0 = Release|Any CPU
		{3E993226-A97B-4A4A-84E8-FD142544BBE5}.Debug|Any CPU.ActiveCfg = Debug|Any CPU
		{3E993226-A97B-4A4A-84E8-FD142544BBE5}.Debug|Any CPU.Build.0 = Debug|Any CPU
		{3E993226-A97B-4A4A-84E8-FD142544BBE5}.Release|Any CPU.ActiveCfg = Release|Any CPU
		{3E993226-A97B-4A4A-84E8-FD142544BBE5}.Release|Any CPU.Build.0 = Release|Any CPU
		{1243C65C-130D-44D0-987B-C12619D1AB70}.Debug|Any CPU.ActiveCfg = Debug|Any CPU
		{1243C65C-130D-44D0-987B-C12619D1AB70}.Debug|Any CPU.Build.0 = Debug|Any CPU
		{1243C65C-130D-44D0-987B-C12619D1AB70}.Release|Any CPU.ActiveCfg = Release|Any CPU
		{1243C65C-130D-44D0-987B-C12619D1AB70}.Release|Any CPU.Build.0 = Release|Any CPU
	EndGlobalSection
	GlobalSection(SolutionProperties) = preSolution
		HideSolutionNode = FALSE
	EndGlobalSection
	GlobalSection(NestedProjects) = preSolution
		{EEE3A58F-C453-4265-B6B1-D4EE56CB5BD6} = {DB5835EE-3A83-401E-8203-ECCF7F3B1DCC}
		{1C2DF747-1CF6-4B80-9309-AF234696D726} = {DB5835EE-3A83-401E-8203-ECCF7F3B1DCC}
		{93F72813-30F0-4BEA-BC98-34B467781792} = {DB5835EE-3A83-401E-8203-ECCF7F3B1DCC}
		{6237D882-011D-4AF9-A2A3-43DB19CC5B59} = {DB5835EE-3A83-401E-8203-ECCF7F3B1DCC}
		{5379002C-7DC6-4CE9-A0C3-9E16AA483C21} = {DB5835EE-3A83-401E-8203-ECCF7F3B1DCC}
		{78E3FCB4-FB33-4918-B2C6-664B6AC95460} = {5379002C-7DC6-4CE9-A0C3-9E16AA483C21}
		{34CE57EA-CC06-4A10-A726-6C41045423F4} = {31C3657E-1090-4F57-80D1-CF0F877AF54E}
		{BA71FCB7-6322-4170-B3A3-F12FF367EA21} = {5379002C-7DC6-4CE9-A0C3-9E16AA483C21}
		{94677B88-6633-4006-B3F6-D85B5D90108D} = {BA71FCB7-6322-4170-B3A3-F12FF367EA21}
		{21B2D37D-EDA8-49F3-8CB1-57FCB55CE2B1} = {BA71FCB7-6322-4170-B3A3-F12FF367EA21}
		{C907ED1D-1F16-4E1C-8221-11DE11EA8F3C} = {BA71FCB7-6322-4170-B3A3-F12FF367EA21}
		{C1C27386-059B-4716-A9F1-79F2733A07C1} = {BA71FCB7-6322-4170-B3A3-F12FF367EA21}
		{31C3657E-1090-4F57-80D1-CF0F877AF54E} = {5379002C-7DC6-4CE9-A0C3-9E16AA483C21}
		{642AFB02-E01A-4CA3-BC10-057DA1692BC7} = {31C3657E-1090-4F57-80D1-CF0F877AF54E}
		{F02C9157-E5B0-4BDD-80E8-ED86BBBD9FB4} = {31C3657E-1090-4F57-80D1-CF0F877AF54E}
		{8BF68D0C-2C5B-4B19-9EBC-514B4460ECAC} = {31C3657E-1090-4F57-80D1-CF0F877AF54E}
		{3E993226-A97B-4A4A-84E8-FD142544BBE5} = {31C3657E-1090-4F57-80D1-CF0F877AF54E}
		{1243C65C-130D-44D0-987B-C12619D1AB70} = {31C3657E-1090-4F57-80D1-CF0F877AF54E}
	EndGlobalSection
	GlobalSection(ExtensibilityGlobals) = postSolution
		SolutionGuid = {C8D46A31-FFE1-4C92-B344-FADBAD683E6E}
	EndGlobalSection
EndGlobal
